
Microsoft Visual Studio Solution File, Format Version 12.00
# Visual Studio Version 17
VisualStudioVersion = 17.8.34309.116
MinimumVisualStudioVersion = 10.0.40219.1
Project("{FAE04EC0-301F-11D3-BF4B-00C04F79EFBC}") = "Asm", "Asm\Asm.csproj", "{1CF0356B-EA39-4DBB-A87C-B9EDAD8DBEE8}"
EndProject
Global
	GlobalSection(SolutionConfigurationPlatforms) = preSolution
		Debug|Any CPU = Debug|Any CPU
		Release|Any CPU = Release|Any CPU
	EndGlobalSection
	GlobalSection(ProjectConfigurationPlatforms) = postSolution
		{1CF0356B-EA39-4DBB-A87C-B9EDAD8DBEE8}.Debug|Any CPU.ActiveCfg = Debug|Any CPU
		{1CF0356B-EA39-4DBB-A87C-B9EDAD8DBEE8}.Debug|Any CPU.Build.0 = Debug|Any CPU
		{1CF0356B-EA39-4DBB-A87C-B9EDAD8DBEE8}.Release|Any CPU.ActiveCfg = Release|Any CPU
		{1CF0356B-EA39-4DBB-A87C-B9EDAD8DBEE8}.Release|Any CPU.Build.0 = Release|Any CPU
	EndGlobalSection
	GlobalSection(SolutionProperties) = preSolution
		HideSolutionNode = FALSE
	EndGlobalSection
	GlobalSection(ExtensibilityGlobals) = postSolution
		SolutionGuid = {D2E9B935-E142-4933-8524-49B1415152F4}
	EndGlobalSection
EndGlobal
